
Microsoft Visual Studio Solution File, Format Version 12.00
# Visual Studio 2013
VisualStudioVersion = 12.0.21005.1
MinimumVisualStudioVersion = 10.0.40219.1
Project("{8BC9CEB8-8B4A-11D0-8D11-00A0C91BC942}") = "Tut3 -- Dice", "Tut3 -- Dice.vcxproj", "{334A5909-91D7-4285-84B3-55E14A6EDC08}"
EndProject
Global
	GlobalSection(SolutionConfigurationPlatforms) = preSolution
		Debug|Win32 = Debug|Win32
		Release|Win32 = Release|Win32
	EndGlobalSection
	GlobalSection(ProjectConfigurationPlatforms) = postSolution
		{334A5909-91D7-4285-84B3-55E14A6EDC08}.Debug|Win32.ActiveCfg = Debug|Win32
		{334A5909-91D7-4285-84B3-55E14A6EDC08}.Debug|Win32.Build.0 = Debug|Win32
		{334A5909-91D7-4285-84B3-55E14A6EDC08}.Release|Win32.ActiveCfg = Release|Win32
		{334A5909-91D7-4285-84B3-55E14A6EDC08}.Release|Win32.Build.0 = Release|Win32
	EndGlobalSection
	GlobalSection(SolutionProperties) = preSolution
		HideSolutionNode = FALSE
	EndGlobalSection
EndGlobal
